
Microsoft Visual Studio Solution File, Format Version 12.00
# Visual Studio Version 17
VisualStudioVersion = 17.1.32210.238
MinimumVisualStudioVersion = 10.0.40219.1
Project("{FAE04EC0-301F-11D3-BF4B-00C04F79EFBC}") = "Summator", "Summator\Summator.csproj", "{52770939-342D-4591-88F7-A6B108898257}"
EndProject
Project("{FAE04EC0-301F-11D3-BF4B-00C04F79EFBC}") = "Summator.Tests", "Summator.Tests\Summator.Tests.csproj", "{BC68836C-9016-4F80-960F-C1B4C0582891}"
EndProject
Global
	GlobalSection(SolutionConfigurationPlatforms) = preSolution
		Debug|Any CPU = Debug|Any CPU
		Release|Any CPU = Release|Any CPU
	EndGlobalSection
	GlobalSection(ProjectConfigurationPlatforms) = postSolution
		{52770939-342D-4591-88F7-A6B108898257}.Debug|Any CPU.ActiveCfg = Debug|Any CPU
		{52770939-342D-4591-88F7-A6B108898257}.Debug|Any CPU.Build.0 = Debug|Any CPU
		{52770939-342D-4591-88F7-A6B108898257}.Release|Any CPU.ActiveCfg = Release|Any CPU
		{52770939-342D-4591-88F7-A6B108898257}.Release|Any CPU.Build.0 = Release|Any CPU
		{BC68836C-9016-4F80-960F-C1B4C0582891}.Debug|Any CPU.ActiveCfg = Debug|Any CPU
		{BC68836C-9016-4F80-960F-C1B4C0582891}.Debug|Any CPU.Build.0 = Debug|Any CPU
		{BC68836C-9016-4F80-960F-C1B4C0582891}.Release|Any CPU.ActiveCfg = Release|Any CPU
		{BC68836C-9016-4F80-960F-C1B4C0582891}.Release|Any CPU.Build.0 = Release|Any CPU
	EndGlobalSection
	GlobalSection(SolutionProperties) = preSolution
		HideSolutionNode = FALSE
	EndGlobalSection
	GlobalSection(ExtensibilityGlobals) = postSolution
		SolutionGuid = {DA65052A-3334-464C-AC0F-F9FE53635C8F}
	EndGlobalSection
EndGlobal
